version = 1
revision = 3
requires-python = ">=3.12"

[[package]]
name = "ephem"
version = "4.2.1"
source = { registry = "https://pypi.org/simple" }
sdist = { url = "https://files.pythonhosted.org/packages/37/f0/a38e882d3c73bb8bcc37a0a27c9a7b8fceb7906312006fb03c01d0a098b3/ephem-4.2.1.tar.gz", hash = "sha256:920cb30369c79fde1088c2060d555ea5f8a50fdc80a9265832fd5bf195cf147f", size = 1261529, upload-time = "2026-02-28T09:48:25.935Z" }
wheels = [
    { url = "https://files.pythonhosted.org/packages/b8/59/5849e612e6460c82b36396d91fd63d0126f72bbe9fe2f6a990bd1d03068f/ephem-4.2.1-cp312-cp312-macosx_10_13_x86_64.whl", hash = "sha256:de9b0ed3836f4b2765e0556058e0dcc595c8226f7aa9d0f04f09b5775b792525", size = 1431686, upload-time = "2026-02-28T09:46:32.396Z" },
    { url = "https://files.pythonhosted.org/packages/a1/0f/345f5801f90d1e0888bdaeb0ad23559cd1bcb50841247c90aa5edf243ed4/ephem-4.2.1-cp312-cp312-macosx_11_0_arm64.whl", hash = "sha256:0017a0ff0eac2632943d37b9f12cfea65062e9dc0b3476d17a11319409f0b82f", size = 1433118, upload-time = "2026-02-28T09:46:33.779Z" },
    { url = "https://files.pythonhosted.org/packages/5b/37/f5d55fe605493d4509b35805c0a4b89ffb687fbecd02d58adea398e92344/ephem-4.2.1-cp312-cp312-manylinux2010_i686.manylinux_2_12_i686.manylinux_2_28_i686.whl", hash = "sha256:f3ee0fdb7a0c19d0d4d6043f3f52f216fcf38619783c4ffad285f8f71ec26cd9", size = 1768826, upload-time = "2026-02-28T09:46:35.472Z" },
    { url = "https://files.pythonhosted.org/packages/79/b7/ce41706b23a572f1c9658262ec164eea7e74a2519b866dddf656332f7d88/ephem-4.2.1-cp312-cp312-manylinux2014_aarch64.manylinux_2_17_aarch64.manylinux_2_28_aarch64.whl", hash = "sha256:17c09bc88fca62284bd5f055dc3fcad8a5fc38de35f59f451ade82761512a45f", size = 1788922, upload-time = "2026-02-28T09:46:36.675Z" },
    { url = "https://files.pythonhosted.org/packages/9f/44/a07a6247b5b75e9177e92a1e83076ba9bea62f3d54d0ff25d1597707076c/ephem-4.2.1-cp312-cp312-manylinux2014_s390x.manylinux_2_17_s390x.manylinux_2_28_s390x.whl", hash = "sha256:dd8ec19883545c7ff97fab95035862c37827723eae7135e6d78c32d3ac1b413b", size = 1834037, upload-time = "2026-02-28T09:46:38.055Z" },
    { url = "https://files.pythonhosted.org/packages/1b/b4/116a78a309c975c05f69e6d26208d8e607fb84de8f0fa0090306d3cc63f0/ephem-4.2.1-cp312-cp312-manylinux2014_x86_64.manylinux_2_17_x86_64.manylinux_2_28_x86_64.whl", hash = "sha256:f16ed34b60056eeae3d8afc78ec528981d5a90977e1bc734b9308279eb016791", size = 1784685, upload-time = "2026-02-28T09:46:39.426Z" },
    { url = "https://files.pythonhosted.org/packages/03/be/65d2c768b66b18f9a7f255a3c73963e80001bcb3218af40fe785bc802c31/ephem-4.2.1-cp312-cp312-musllinux_1_2_aarch64.whl", hash = "sha256:5df38b498eaa779385f2422263af0f9688120dee4daddb47f58a03ffd3eaac56", size = 1787128, upload-time = "2026-02-28T09:46:40.751Z" },
    { url = "https://files.pythonhosted.org/packages/64/2d/99d409df0b750036a150a6a7e962811b38c0b02e7f77f30b1aa73bda73ff/ephem-4.2.1-cp312-cp312-musllinux_1_2_i686.whl", hash = "sha256:bd1927af82de44f0c6d6690c3d6ec3a57a619ecdba20706480ffd2b65ee59bec", size = 1798850, upload-time = "2026-02-28T09:46:41.962Z" },
    { url = "https://files.pythonhosted.org/packages/ce/5e/5cf9d592ae14d2a46a0b8429381e0ea1436e62d044ce1031ffe25f4d79b7/ephem-4.2.1-cp312-cp312-musllinux_1_2_s390x.whl", hash = "sha256:05a216cbb739de6c412f447da32f5f613d15c582424dd07d5341cda798cb80f1", size = 1817530, upload-time = "2026-02-28T09:46:44.005Z" },
    { url = "https://files.pythonhosted.org/packages/96/b3/bb285a1a14abdf630939809538dfe92531881492b23e1d108a2ff2ba464e/ephem-4.2.1-cp312-cp312-musllinux_1_2_x86_64.whl", hash = "sha256:9bbda62115c9d1c2d967b6b3b80d4ab3b2c7662c2dfd587ba50fc55a6c48aa80", size = 1784631, upload-time = "2026-02-28T09:46:45.222Z" },
    { url = "https://files.pythonhosted.org/packages/40/4c/5297a1cd52d4b1ab7d96e941ebec2086ffef75e42d4df663900c31691994/ephem-4.2.1-cp312-cp312-win32.whl", hash = "sha256:979b2ef09eb29674ca2742124c1ffc231dcbbcb0fcc7f312b5e70cb7e43a62fc", size = 1399811, upload-time = "2026-02-28T09:46:46.86Z" },
    { url = "https://files.pythonhosted.org/packages/06/b4/f210bbb64fbc59e4d2e72433e767396a3471fde26f49fd56ac6930f36532/ephem-4.2.1-cp312-cp312-win_amd64.whl", hash = "sha256:c35502ba6c87cf1d3ff7ecd3690fadeea39583ef783d7d365037b385d3d72eb0", size = 1414939, upload-time = "2026-02-28T09:46:48.078Z" },
    { url = "https://files.pythonhosted.org/packages/bb/8a/2af7194252902b8f9bd6f282051864d86311b90e846a9f9a6c33798d60a9/ephem-4.2.1-cp313-cp313-macosx_10_13_x86_64.whl", hash = "sha256:19ad36d7a5bf63cd424576ff392d7bd9bf579d903b14ecd98173d577a51051e1", size = 1431651, upload-time = "2026-02-28T09:46:49.335Z" },
    { url = "https://files.pythonhosted.org/packages/ef/3f/d28fb26afacb07c81268a5f7b6a1c2b4a14d0304899c20502205dfccdeaf/ephem-4.2.1-cp313-cp313-macosx_11_0_arm64.whl", hash = "sha256:458637fd487cdc897a86912089086161f042c3525a268245490565255bcf46a0", size = 1433094, upload-time = "2026-02-28T09:46:50.736Z" },
    { url = "https://files.pythonhosted.org/packages/43/b9/008cbb78827b145b7afaa152af6991ba7fc5baa99cf16cf64ec9f0fef9ce/ephem-4.2.1-cp313-cp313-manylinux2010_i686.manylinux_2_12_i686.manylinux_2_28_i686.whl", hash = "sha256:b99bdfa5372d83f43c052c845c05260e9355824dc0a88bbb0b9b4bdd438305fc", size = 1768840, upload-time = "2026-02-28T09:46:52.974Z" },
    { url = "https://files.pythonhosted.org/packages/b4/b2/2e6674089d4eb0e4cc4bde6e30d841ff9bcd2d513deebb4ae41b83eaef84/ephem-4.2.1-cp313-cp313-manylinux2014_aarch64.manylinux_2_17_aarch64.manylinux_2_28_aarch64.whl", hash = "sha256:9ae26bc5abc4073edf6898e5969f3e7b77c47d3c88521177cb3df14fe8963259", size = 1788881, upload-time = "2026-02-28T09:46:54.655Z" },
    { url = "https://files.pythonhosted.org/packages/b9/b5/c04ddeea27c093146d064c994bd795ce5244533b839ef7ccfe35850fb289/ephem-4.2.1-cp313-cp313-manylinux2014_s390x.manylinux_2_17_s390x.manylinux_2_28_s390x.whl", hash = "sha256:078894d72e38cfaee8d00959d6720506af61c0fba5ef42f9e2ea1528296a4320", size = 1834059, upload-time = "2026-02-28T09:46:56.083Z" },
    { url = "https://files.pythonhosted.org/packages/53/1c/c7149f3be5e9852316907621e6d6e2f8833b2044c12f041157495eb74358/ephem-4.2.1-cp313-cp313-manylinux2014_x86_64.manylinux_2_17_x86_64.manylinux_2_28_x86_64.whl", hash = "sha256:3b37ef161ca287f025c7c299b612fbb7e83530840c938d06a61fcd7889a66db5", size = 1784679, upload-time = "2026-02-28T09:46:57.908Z" },
    { url = "https://files.pythonhosted.org/packages/eb/54/3f8575295de6c07b151d73dfa4d7ed0dd3efe6a02b7b633fbd74381e13d2/ephem-4.2.1-cp313-cp313-musllinux_1_2_aarch64.whl", hash = "sha256:5e9934d309fb3c6d79373259b2a9fc71874a512b90d61523e334720805b6fa5c", size = 1787191, upload-time = "2026-02-28T09:46:59.71Z" },
    { url = "https://files.pythonhosted.org/packages/0d/72/b961fa4b1efb39ac0021e1e31fb3c0a6c5fad45d7fde4908748252e2ac17/ephem-4.2.1-cp313-cp313-musllinux_1_2_i686.whl", hash = "sha256:5530ca3c85a22d31838844427b96abcbe96da6048b6e83a675a5bcc23e5af43c", size = 1798895, upload-time = "2026-02-28T09:47:01.067Z" },
    { url = "https://files.pythonhosted.org/packages/74/ce/93ad503431136611187a60c986441510cd69908add782003526e0d7bb24b/ephem-4.2.1-cp313-cp313-musllinux_1_2_s390x.whl", hash = "sha256:61e38e2affe676fc9f9a8fbd4f575f05ca7db4f87a6e5fc589a09c14fe68850e", size = 1817637, upload-time = "2026-02-28T09:47:02.712Z" },
    { url = "https://files.pythonhosted.org/packages/59/ff/fbcd7a7795741e5770c73b39dd1318215b357f6e8d503233ca3b3fb10437/ephem-4.2.1-cp313-cp313-musllinux_1_2_x86_64.whl", hash = "sha256:46427d35a2fbf4a95fcf6de9d36dc0a29e49b96a63654856285f0262c4082fc7", size = 1784648, upload-time = "2026-02-28T09:47:04.151Z" },
    { url = "https://files.pythonhosted.org/packages/8f/c9/340dd18a288ecdf079ae15711a84d8fb82bad63dc7f1e985b88aeaeea81c/ephem-4.2.1-cp313-cp313-win32.whl", hash = "sha256:a075014299467d29598019fb11972a8f3f476d28962987231b24a234ea8764f2", size = 1399821, upload-time = "2026-02-28T09:47:06.162Z" },
    { url = "https://files.pythonhosted.org/packages/57/70/323fd7145e7a9abb4878c1abb5822b9578db3fa4d8d952806941d7c7910d/ephem-4.2.1-cp313-cp313-win_amd64.whl", hash = "sha256:f22a797ab3658f5f1ae56dd32627e9ef4766aa3e9dbddc817cbb2741893a8a28", size = 1414942, upload-time = "2026-02-28T09:47:07.781Z" },
    { url = "https://files.pythonhosted.org/packages/9d/42/0a94728aaf67b9bb7ee2f0f300380ebaea3362f188c1d9956c0d88ada6ec/ephem-4.2.1-cp314-cp314-macosx_10_15_x86_64.whl", hash = "sha256:6aa46747d0866afcaf64c25855546ecbeccb58456a93b368c963a8e18e414794", size = 1431765, upload-time = "2026-02-28T09:47:09.229Z" },
    { url = "https://files.pythonhosted.org/packages/45/45/e3528adb5e496b4f2c6853313b4bb65f3ea665b41cd4553847ece39040f1/ephem-4.2.1-cp314-cp314-macosx_11_0_arm64.whl", hash = "sha256:8339dcc7187c99b169d3b0f650b9e1f1047f6d7687bda025acbdeb049ae3e9a2", size = 1433099, upload-time = "2026-02-28T09:47:11.941Z" },
    { url = "https://files.pythonhosted.org/packages/1f/aa/e8b86b27357eafbbdc15ab315014c15651c9009d504d73b9e1fab7ac7062/ephem-4.2.1-cp314-cp314-manylinux2010_i686.manylinux_2_12_i686.manylinux_2_28_i686.whl", hash = "sha256:560a417a4252f4c77a8ebc325a081c684f24c2287f82579ee4eb62d382dcfa89", size = 1769064, upload-time = "2026-02-28T09:47:13.632Z" },
    { url = "https://files.pythonhosted.org/packages/38/28/971ada8acdf52afafb1866cc474dba1cc3deb631f7092e7dc10faba88198/ephem-4.2.1-cp314-cp314-manylinux2014_aarch64.manylinux_2_17_aarch64.manylinux_2_28_aarch64.whl", hash = "sha256:9ce6b0b076b18e9b7a7a9ff5f37573455849079ec232eae0419c172304e7d2aa", size = 1788690, upload-time = "2026-02-28T09:47:15.182Z" },
    { url = "https://files.pythonhosted.org/packages/c1/b3/75194b704da47e649a449d7797ce78f18b3147dfee761fa7dea83eb23fd9/ephem-4.2.1-cp314-cp314-manylinux2014_s390x.manylinux_2_17_s390x.manylinux_2_28_s390x.whl", hash = "sha256:ec91aa7735a10bfd8a4f79afb39567500483a1b5812a3ba675fb10abb5aa95d1", size = 1833795, upload-time = "2026-02-28T09:47:16.993Z" },
    { url = "https://files.pythonhosted.org/packages/e0/c8/578499dc1383ddec58a79be525e54d47a23210c8147a65610ee7cf477406/ephem-4.2.1-cp314-cp314-manylinux2014_x86_64.manylinux_2_17_x86_64.manylinux_2_28_x86_64.whl", hash = "sha256:3610fd501549fe8e29417ecd9fecdbe19e1bc416bd76ee24e40ae81ce3049760", size = 1784463, upload-time = "2026-02-28T09:47:18.323Z" },
    { url = "https://files.pythonhosted.org/packages/8c/21/c76b805d70df3e45cf4795ec19bdb91b0fe42d473b56ea8c80f7706af1f6/ephem-4.2.1-cp314-cp314-musllinux_1_2_aarch64.whl", hash = "sha256:27b8d6893cc47765ab55b2eb4f4bad97b8ffa844ff6b67b0dcad44e48d0b6e77", size = 1786832, upload-time = "2026-02-28T09:47:19.687Z" },
    { url = "https://files.pythonhosted.org/packages/66/1e/79e7eb46c1bda35187a4cacc767f3d6707247a4afc759981c3c69ed6af6b/ephem-4.2.1-cp314-cp314-musllinux_1_2_i686.whl", hash = "sha256:e29c7aabcc32af070d99fd7a2268e7c854d7b68df3414133b5581eb9996939ce", size = 1799002, upload-time = "2026-02-28T09:47:21.594Z" },
    { url = "https://files.pythonhosted.org/packages/61/ef/6ab516d889986a7c16731f9b7a89a9a689ca9a3196dc544d187f2f82f9da/ephem-4.2.1-cp314-cp314-musllinux_1_2_s390x.whl", hash = "sha256:b831567c5db7b101e9e647cfac38da458f48b4c66bee949cff11a875f260d153", size = 1817236, upload-time = "2026-02-28T09:47:22.97Z" },
    { url = "https://files.pythonhosted.org/packages/4c/12/9c4d2014ddad6a9c4e3a7cc43ed9f9585d60a04475dc47b8822b78fbb3dd/ephem-4.2.1-cp314-cp314-musllinux_1_2_x86_64.whl", hash = "sha256:7359e573798357318738f628660946e4cee89f39e84940264e428504d541921b", size = 1784500, upload-time = "2026-02-28T09:47:24.319Z" },
    { url = "https://files.pythonhosted.org/packages/47/b5/59b5554ba2f8a850a65e3beb52cf290b4616e2e94827261b3a3b826e1ac4/ephem-4.2.1-cp314-cp314-win32.whl", hash = "sha256:c0bc8c928b7ef10167b7a2f2f20c7ee079c3b988b9a3a943bda123949acef79f", size = 1406790, upload-time = "2026-02-28T09:47:25.96Z" },
    { url = "https://files.pythonhosted.org/packages/ec/a1/a40f57eae2589933943369d0aa4de024fbba18f5689c06c5f012b59627de/ephem-4.2.1-cp314-cp314-win_amd64.whl", hash = "sha256:936d7a8745fbb18869e238d541f027cd7fc086e3fdfb826cb76fcfb4bed3e35a", size = 1423041, upload-time = "2026-02-28T09:47:27.286Z" },
    { url = "https://files.pythonhosted.org/packages/84/bb/55932750261f35d84c944941dff761112eb9582b608b314fd8c4b87e89a9/ephem-4.2.1-cp314-cp314t-macosx_10_15_x86_64.whl", hash = "sha256:1e5806b5a633fb25480486d5419604e82a6932f9f9e6855f1e07da852b8de570", size = 1432847, upload-time = "2026-02-28T09:47:28.603Z" },
    { url = "https://files.pythonhosted.org/packages/d1/8e/c6bbb724f1a51ec79dc9c167dfde27246095abecdf45057fc6de50822e94/ephem-4.2.1-cp314-cp314t-macosx_11_0_arm64.whl", hash = "sha256:5ad67a86ffeeda5173d88b04b9477b5ca3e78331acc168a084d18779452c0f7a", size = 1433840, upload-time = "2026-02-28T09:47:30.009Z" },
    { url = "https://files.pythonhosted.org/packages/0c/2e/84b07818630298656dbae0c95c0e99b89ff98d6a87daf9819a5c5aee191b/ephem-4.2.1-cp314-cp314t-manylinux2010_i686.manylinux_2_12_i686.manylinux_2_28_i686.whl", hash = "sha256:2b8792e60114a07253160e81b63f28b3c021f4a5dfbee91a6db526965bdc039f", size = 1782457, upload-time = "2026-02-28T09:47:31.827Z" },
    { url = "https://files.pythonhosted.org/packages/be/fc/357df051cdc848b482c823f18dc94632d40717c64fc0068d79b91cf12f75/ephem-4.2.1-cp314-cp314t-manylinux2014_aarch64.manylinux_2_17_aarch64.manylinux_2_28_aarch64.whl", hash = "sha256:7812f16600ecec6d7b21194a38948ea3a0c406332481375e735924a3f82f5e29", size = 1804033, upload-time = "2026-02-28T09:47:33.19Z" },
    { url = "https://files.pythonhosted.org/packages/72/cc/4348e26e0ba41a5e5e6e4ecc1fca81ceaccc656c9ad3d4251c301bf34d78/ephem-4.2.1-cp314-cp314t-manylinux2014_s390x.manylinux_2_17_s390x.manylinux_2_28_s390x.whl", hash = "sha256:e020cb6976ff3badb303bc55026366fa3886280f15f6d4d46c52fa36356fe16b", size = 1847470, upload-time = "2026-02-28T09:47:34.926Z" },
    { url = "https://files.pythonhosted.org/packages/a4/9c/77f0007679d0de12372db61d863bee604441b4827b27dbcbed07f48a815c/ephem-4.2.1-cp314-cp314t-manylinux2014_x86_64.manylinux_2_17_x86_64.manylinux_2_28_x86_64.whl", hash = "sha256:788e61fa779c54e6dd745f57adaeeff14eda2b8dd737ef578af6ac8415d31a48", size = 1796560, upload-time = "2026-02-28T09:47:36.363Z" },
    { url = "https://files.pythonhosted.org/packages/68/6f/30751b504be2c55b9a2a77f678003f0e065554d1f2f75f3ec85162f2ccd0/ephem-4.2.1-cp314-cp314t-musllinux_1_2_aarch64.whl", hash = "sha256:e8c6598443375f119c9f7c586f3198c6ac60a38bac3fbc08781c55c8e102cbba", size = 1800619, upload-time = "2026-02-28T09:47:37.755Z" },
    { url = "https://files.pythonhosted.org/packages/fa/79/49981b3ad843f2180a17ea6f89874ff5ec4d26b6d6fad754be4cbaf97d13/ephem-4.2.1-cp314-cp314t-musllinux_1_2_i686.whl", hash = "sha256:d62cea09046153052cc15c85938fadf7648a7c8b1133d729b76f20d4cabcfefc", size = 1811800, upload-time = "2026-02-28T09:47:39.506Z" },
    { url = "https://files.pythonhosted.org/packages/16/c9/235acf25dfa74e041a4d95b3fbe6835ddd152d6479ebb762da31818bee09/ephem-4.2.1-cp314-cp314t-musllinux_1_2_s390x.whl", hash = "sha256:bfdcc68b2a5ac84305d792ca8ffac23bed0b5be21edbf45b33dd00423f7a6fdb", size = 1829542, upload-time = "2026-02-28T09:47:41.284Z" },
    { url = "https://files.pythonhosted.org/packages/0e/70/429ee91d941b4969571fca658f3350eb5e217f04e4aa9bc295b77613ec3b/ephem-4.2.1-cp314-cp314t-musllinux_1_2_x86_64.whl", hash = "sha256:15bc51d5c926b65ec15742042de79f6181a979809a6f9da1bd8d6abfb23415b7", size = 1795831, upload-time = "2026-02-28T09:47:42.703Z" },
    { url = "https://files.pythonhosted.org/packages/9b/92/cc35c78c00894e64d312960507ee84c9fa76919ffca28a7f92ffa59bda20/ephem-4.2.1-cp314-cp314t-win32.whl", hash = "sha256:ce86665355d88e4e7ccc3b9e9c74905a2c6ad51c27433e5c98371a7ea38ad502", size = 1407887, upload-time = "2026-02-28T09:47:44.374Z" },
    { url = "https://files.pythonhosted.org/packages/da/c8/b0f1788a6a87a0a18e799b73486329f33f0ae4c152d62bca46476e76fc35/ephem-4.2.1-cp314-cp314t-win_amd64.whl", hash = "sha256:c4e6e15dc6ccc22504e27aea58a06f8308fd7eb007947d16dfcea6a3aec28b4d", size = 1424698, upload-time = "2026-02-28T09:47:46.38Z" },
]

[[package]]
name = "tingcal"
version = "0.1.0"
source = { editable = "." }
dependencies = [
    { name = "ephem" },
]

[package.metadata]
requires-dist = [{ name = "ephem", specifier = ">=4.2.1" }]
